// !$*UTF8*$!
{
	archiveVersion = 1;
	classes = {
	};
	objectVersion = 56;
	objects = {

/* Begin PBXBuildFile section */
		FEB6D05D2ADDC31600DCBBD4 /* OtherTransitionTestApp.swift in Sources */ = {isa = PBXBuildFile; fileRef = FEB6D05C2ADDC31600DCBBD4 /* OtherTransitionTestApp.swift */; };
		FEB6D05F2ADDC31600DCBBD4 /* ContentView.swift in Sources */ = {isa = PBXBuildFile; fileRef = FEB6D05E2ADDC31600DCBBD4 /* ContentView.swift */; };
		FEB6D0612ADDC31900DCBBD4 /* Assets.xcassets in Resources */ = {isa = PBXBuildFile; fileRef = FEB6D0602ADDC31900DCBBD4 /* Assets.xcassets */; };
		FEB6D0642ADDC31900DCBBD4 /* Preview Assets.xcassets in Resources */ = {isa = PBXBuildFile; fileRef = FEB6D0632ADDC31900DCBBD4 /* Preview Assets.xcassets */; };
		FEB6D06E2ADDC31900DCBBD4 /* OtherTransitionTestTests.swift in Sources */ = {isa = PBXBuildFile; fileRef = FEB6D06D2ADDC31900DCBBD4 /* OtherTransitionTestTests.swift */; };
		FEB6D0782ADDC31900DCBBD4 /* OtherTransitionTestUITests.swift in Sources */ = {isa = PBXBuildFile; fileRef = FEB6D0772ADDC31900DCBBD4 /* OtherTransitionTestUITests.swift */; };
		FEB6D07A2ADDC31900DCBBD4 /* OtherTransitionTestUITestsLaunchTests.swift in Sources */ = {isa = PBXBuildFile; fileRef = FEB6D0792ADDC31900DCBBD4 /* OtherTransitionTestUITestsLaunchTests.swift */; };
		FEB6D08A2ADDC71D00DCBBD4 /* Profile.swift in Sources */ = {isa = PBXBuildFile; fileRef = FEB6D0892ADDC71D00DCBBD4 /* Profile.swift */; };
		FEB6D08C2ADDC8D900DCBBD4 /* Home.swift in Sources */ = {isa = PBXBuildFile; fileRef = FEB6D08B2ADDC8D900DCBBD4 /* Home.swift */; };
/* End PBXBuildFile section */

/* Begin PBXContainerItemProxy section */
		FEB6D06A2ADDC31900DCBBD4 /* PBXContainerItemProxy */ = {
			isa = PBXContainerItemProxy;
			containerPortal = FEB6D0512ADDC31600DCBBD4 /* Project object */;
			proxyType = 1;
			remoteGlobalIDString = FEB6D0582ADDC31600DCBBD4;
			remoteInfo = OtherTransitionTest;
		};
		FEB6D0742ADDC31900DCBBD4 /* PBXContainerItemProxy */ = {
			isa = PBXContainerItemProxy;
			containerPortal = FEB6D0512ADDC31600DCBBD4 /* Project object */;
			proxyType = 1;
			remoteGlobalIDString = FEB6D0582ADDC31600DCBBD4;
			remoteInfo = OtherTransitionTest;
		};
/* End PBXContainerItemProxy section */

/* Begin PBXFileReference section */
		FEB6D0592ADDC31600DCBBD4 /* OtherTransitionTest.app */ = {isa = PBXFileReference; explicitFileType = wrapper.application; includeInIndex = 0; path = OtherTransitionTest.app; sourceTree = BUILT_PRODUCTS_DIR; };
		FEB6D05C2ADDC31600DCBBD4 /* OtherTransitionTestApp.swift */ = {isa = PBXFileReference; lastKnownFileType = sourcecode.swift; path = OtherTransitionTestApp.swift; sourceTree = "<group>"; };
		FEB6D05E2ADDC31600DCBBD4 /* ContentView.swift */ = {isa = PBXFileReference; lastKnownFileType = sourcecode.swift; path = ContentView.swift; sourceTree = "<group>"; };
		FEB6D0602ADDC31900DCBBD4 /* Assets.xcassets */ = {isa = PBXFileReference; lastKnownFileType = folder.assetcatalog; path = Assets.xcassets; sourceTree = "<group>"; };
		FEB6D0632ADDC31900DCBBD4 /* Preview Assets.xcassets */ = {isa = PBXFileReference; lastKnownFileType = folder.assetcatalog; path = "Preview Assets.xcassets"; sourceTree = "<group>"; };
		FEB6D0692ADDC31900DCBBD4 /* OtherTransitionTestTests.xctest */ = {isa = PBXFileReference; explicitFileType = wrapper.cfbundle; includeInIndex = 0; path = OtherTransitionTestTests.xctest; sourceTree = BUILT_PRODUCTS_DIR; };
		FEB6D06D2ADDC31900DCBBD4 /* OtherTransitionTestTests.swift */ = {isa = PBXFileReference; lastKnownFileType = sourcecode.swift; path = OtherTransitionTestTests.swift; sourceTree = "<group>"; };
		FEB6D0732ADDC31900DCBBD4 /* OtherTransitionTestUITests.xctest */ = {isa = PBXFileReference; explicitFileType = wrapper.cfbundle; includeInIndex = 0; path = OtherTransitionTestUITests.xctest; sourceTree = BUILT_PRODUCTS_DIR; };
		FEB6D0772ADDC31900DCBBD4 /* OtherTransitionTestUITests.swift */ = {isa = PBXFileReference; lastKnownFileType = sourcecode.swift; path = OtherTransitionTestUITests.swift; sourceTree = "<group>"; };
		FEB6D0792ADDC31900DCBBD4 /* OtherTransitionTestUITestsLaunchTests.swift */ = {isa = PBXFileReference; lastKnownFileType = sourcecode.swift; path = OtherTransitionTestUITestsLaunchTests.swift; sourceTree = "<group>"; };
		FEB6D0892ADDC71D00DCBBD4 /* Profile.swift */ = {isa = PBXFileReference; lastKnownFileType = sourcecode.swift; path = Profile.swift; sourceTree = "<group>"; };
		FEB6D08B2ADDC8D900DCBBD4 /* Home.swift */ = {isa = PBXFileReference; lastKnownFileType = sourcecode.swift; path = Home.swift; sourceTree = "<group>"; };
/* End PBXFileReference section */

/* Begin PBXFrameworksBuildPhase section */
		FEB6D0562ADDC31600DCBBD4 /* Frameworks */ = {
			isa = PBXFrameworksBuildPhase;
			buildActionMask = 2147483647;
			files = (
			);
			runOnlyForDeploymentPostprocessing = 0;
		};
		FEB6D0662ADDC31900DCBBD4 /* Frameworks */ = {
			isa = PBXFrameworksBuildPhase;
			buildActionMask = 2147483647;
			files = (
			);
			runOnlyForDeploymentPostprocessing = 0;
		};
		FEB6D0702ADDC31900DCBBD4 /* Frameworks */ = {
			isa = PBXFrameworksBuildPhase;
			buildActionMask = 2147483647;
			files = (
			);
			runOnlyForDeploymentPostprocessing = 0;
		};
/* End PBXFrameworksBuildPhase section */

/* Begin PBXGroup section */
		FEB6D0502ADDC31600DCBBD4 = {
			isa = PBXGroup;
			children = (
				FEB6D05B2ADDC31600DCBBD4 /* OtherTransitionTest */,
				FEB6D06C2ADDC31900DCBBD4 /* OtherTransitionTestTests */,
				FEB6D0762ADDC31900DCBBD4 /* OtherTransitionTestUITests */,
				FEB6D05A2ADDC31600DCBBD4 /* Products */,
			);
			sourceTree = "<group>";
		};
		FEB6D05A2ADDC31600DCBBD4 /* Products */ = {
			isa = PBXGroup;
			children = (
				FEB6D0592ADDC31600DCBBD4 /* OtherTransitionTest.app */,
				FEB6D0692ADDC31900DCBBD4 /* OtherTransitionTestTests.xctest */,
				FEB6D0732ADDC31900DCBBD4 /* OtherTransitionTestUITests.xctest */,
			);
			name = Products;
			sourceTree = "<group>";
		};
		FEB6D05B2ADDC31600DCBBD4 /* OtherTransitionTest */ = {
			isa = PBXGroup;
			children = (
				FEB6D0882ADDC60400DCBBD4 /* View */,
				FEB6D0862ADDC5F800DCBBD4 /* Model */,
				FEB6D05C2ADDC31600DCBBD4 /* OtherTransitionTestApp.swift */,
				FEB6D05E2ADDC31600DCBBD4 /* ContentView.swift */,
				FEB6D0602ADDC31900DCBBD4 /* Assets.xcassets */,
				FEB6D0622ADDC31900DCBBD4 /* Preview Content */,
			);
			path = OtherTransitionTest;
			sourceTree = "<group>";
		};
		FEB6D0622ADDC31900DCBBD4 /* Preview Content */ = {
			isa = PBXGroup;
			children = (
				FEB6D0632ADDC31900DCBBD4 /* Preview Assets.xcassets */,
			);
			path = "Preview Content";
			sourceTree = "<group>";
		};
		FEB6D06C2ADDC31900DCBBD4 /* OtherTransitionTestTests */ = {
			isa = PBXGroup;
			children = (
				FEB6D06D2ADDC31900DCBBD4 /* OtherTransitionTestTests.swift */,
			);
			path = OtherTransitionTestTests;
			sourceTree = "<group>";
		};
		FEB6D0762ADDC31900DCBBD4 /* OtherTransitionTestUITests */ = {
			isa = PBXGroup;
			children = (
				FEB6D0772ADDC31900DCBBD4 /* OtherTransitionTestUITests.swift */,
				FEB6D0792ADDC31900DCBBD4 /* OtherTransitionTestUITestsLaunchTests.swift */,
			);
			path = OtherTransitionTestUITests;
			sourceTree = "<group>";
		};
		FEB6D0862ADDC5F800DCBBD4 /* Model */ = {
			isa = PBXGroup;
			children = (
				FEB6D0892ADDC71D00DCBBD4 /* Profile.swift */,
			);
			path = Model;
			sourceTree = "<group>";
		};
		FEB6D0882ADDC60400DCBBD4 /* View */ = {
			isa = PBXGroup;
			children = (
				FEB6D08B2ADDC8D900DCBBD4 /* Home.swift */,
			);
			path = View;
			sourceTree = "<group>";
		};
/* End PBXGroup section */

/* Begin PBXNativeTarget section */
		FEB6D0582ADDC31600DCBBD4 /* OtherTransitionTest */ = {
			isa = PBXNativeTarget;
			buildConfigurationList = FEB6D07D2ADDC31900DCBBD4 /* Build configuration list for PBXNativeTarget "OtherTransitionTest" */;
			buildPhases = (
				FEB6D0552ADDC31600DCBBD4 /* Sources */,
				FEB6D0562ADDC31600DCBBD4 /* Frameworks */,
				FEB6D0572ADDC31600DCBBD4 /* Resources */,
			);
			buildRules = (
			);
			dependencies = (
			);
			name = OtherTransitionTest;
			productName = OtherTransitionTest;
			productReference = FEB6D0592ADDC31600DCBBD4 /* OtherTransitionTest.app */;
			productType = "com.apple.product-type.application";
		};
		FEB6D0682ADDC31900DCBBD4 /* OtherTransitionTestTests */ = {
			isa = PBXNativeTarget;
			buildConfigurationList = FEB6D0802ADDC31900DCBBD4 /* Build configuration list for PBXNativeTarget "OtherTransitionTestTests" */;
			buildPhases = (
				FEB6D0652ADDC31900DCBBD4 /* Sources */,
				FEB6D0662ADDC31900DCBBD4 /* Frameworks */,
				FEB6D0672ADDC31900DCBBD4 /* Resources */,
			);
			buildRules = (
			);
			dependencies = (
				FEB6D06B2ADDC31900DCBBD4 /* PBXTargetDependency */,
			);
			name = OtherTransitionTestTests;
			productName = OtherTransitionTestTests;
			productReference = FEB6D0692ADDC31900DCBBD4 /* OtherTransitionTestTests.xctest */;
			productType = "com.apple.product-type.bundle.unit-test";
		};
		FEB6D0722ADDC31900DCBBD4 /* OtherTransitionTestUITests */ = {
			isa = PBXNativeTarget;
			buildConfigurationList = FEB6D0832ADDC31900DCBBD4 /* Build configuration list for PBXNativeTarget "OtherTransitionTestUITests" */;
			buildPhases = (
				FEB6D06F2ADDC31900DCBBD4 /* Sources */,
				FEB6D0702ADDC31900DCBBD4 /* Frameworks */,
				FEB6D0712ADDC31900DCBBD4 /* Resources */,
			);
			buildRules = (
			);
			dependencies = (
				FEB6D0752ADDC31900DCBBD4 /* PBXTargetDependency */,
			);
			name = OtherTransitionTestUITests;
			productName = OtherTransitionTestUITests;
			productReference = FEB6D0732ADDC31900DCBBD4 /* OtherTransitionTestUITests.xctest */;
			productType = "com.apple.product-type.bundle.ui-testing";
		};
/* End PBXNativeTarget section */

/* Begin PBXProject section */
		FEB6D0512ADDC31600DCBBD4 /* Project object */ = {
			isa = PBXProject;
			attributes = {
				BuildIndependentTargetsInParallel = 1;
				LastSwiftUpdateCheck = 1500;
				LastUpgradeCheck = 1500;
				TargetAttributes = {
					FEB6D0582ADDC31600DCBBD4 = {
						CreatedOnToolsVersion = 15.0;
					};
					FEB6D0682ADDC31900DCBBD4 = {
						CreatedOnToolsVersion = 15.0;
						TestTargetID = FEB6D0582ADDC31600DCBBD4;
					};
					FEB6D0722ADDC31900DCBBD4 = {
						CreatedOnToolsVersion = 15.0;
						TestTargetID = FEB6D0582ADDC31600DCBBD4;
					};
				};
			};
			buildConfigurationList = FEB6D0542ADDC31600DCBBD4 /* Build configuration list for PBXProject "OtherTransitionTest" */;
			compatibilityVersion = "Xcode 14.0";
			developmentRegion = en;
			hasScannedForEncodings = 0;
			knownRegions = (
				en,
				Base,
			);
			mainGroup = FEB6D0502ADDC31600DCBBD4;
			productRefGroup = FEB6D05A2ADDC31600DCBBD4 /* Products */;
			projectDirPath = "";
			projectRoot = "";
			targets = (
				FEB6D0582ADDC31600DCBBD4 /* OtherTransitionTest */,
				FEB6D0682ADDC31900DCBBD4 /* OtherTransitionTestTests */,
				FEB6D0722ADDC31900DCBBD4 /* OtherTransitionTestUITests */,
			);
		};
/* End PBXProject section */

/* Begin PBXResourcesBuildPhase section */
		FEB6D0572ADDC31600DCBBD4 /* Resources */ = {
			isa = PBXResourcesBuildPhase;
			buildActionMask = 2147483647;
			files = (
				FEB6D0642ADDC31900DCBBD4 /* Preview Assets.xcassets in Resources */,
				FEB6D0612ADDC31900DCBBD4 /* Assets.xcassets in Resources */,
			);
			runOnlyForDeploymentPostprocessing = 0;
		};
		FEB6D0672ADDC31900DCBBD4 /* Resources */ = {
			isa = PBXResourcesBuildPhase;
			buildActionMask = 2147483647;
			files = (
			);
			runOnlyForDeploymentPostprocessing = 0;
		};
		FEB6D0712ADDC31900DCBBD4 /* Resources */ = {
			isa = PBXResourcesBuildPhase;
			buildActionMask = 2147483647;
			files = (
			);
			runOnlyForDeploymentPostprocessing = 0;
		};
/* End PBXResourcesBuildPhase section */

/* Begin PBXSourcesBuildPhase section */
		FEB6D0552ADDC31600DCBBD4 /* Sources */ = {
			isa = PBXSourcesBuildPhase;
			buildActionMask = 2147483647;
			files = (
				FEB6D05F2ADDC31600DCBBD4 /* ContentView.swift in Sources */,
				FEB6D08A2ADDC71D00DCBBD4 /* Profile.swift in Sources */,
				FEB6D08C2ADDC8D900DCBBD4 /* Home.swift in Sources */,
				FEB6D05D2ADDC31600DCBBD4 /* OtherTransitionTestApp.swift in Sources */,
			);
			runOnlyForDeploymentPostprocessing = 0;
		};
		FEB6D0652ADDC31900DCBBD4 /* Sources */ = {
			isa = PBXSourcesBuildPhase;
			buildActionMask = 2147483647;
			files = (
				FEB6D06E2ADDC31900DCBBD4 /* OtherTransitionTestTests.swift in Sources */,
			);
			runOnlyForDeploymentPostprocessing = 0;
		};
		FEB6D06F2ADDC31900DCBBD4 /* Sources */ = {
			isa = PBXSourcesBuildPhase;
			buildActionMask = 2147483647;
			files = (
				FEB6D07A2ADDC31900DCBBD4 /* OtherTransitionTestUITestsLaunchTests.swift in Sources */,
				FEB6D0782ADDC31900DCBBD4 /* OtherTransitionTestUITests.swift in Sources */,
			);
			runOnlyForDeploymentPostprocessing = 0;
		};
/* End PBXSourcesBuildPhase section */

/* Begin PBXTargetDependency section */
		FEB6D06B2ADDC31900DCBBD4 /* PBXTargetDependency */ = {
			isa = PBXTargetDependency;
			target = FEB6D0582ADDC31600DCBBD4 /* OtherTransitionTest */;
			targetProxy = FEB6D06A2ADDC31900DCBBD4 /* PBXContainerItemProxy */;
		};
		FEB6D0752ADDC31900DCBBD4 /* PBXTargetDependency */ = {
			isa = PBXTargetDependency;
			target = FEB6D0582ADDC31600DCBBD4 /* OtherTransitionTest */;
			targetProxy = FEB6D0742ADDC31900DCBBD4 /* PBXContainerItemProxy */;
		};
/* End PBXTargetDependency section */

/* Begin XCBuildConfiguration section */
		FEB6D07B2ADDC31900DCBBD4 /* Debug */ = {
			isa = XCBuildConfiguration;
			buildSettings = {
				ALWAYS_SEARCH_USER_PATHS = NO;
				ASSETCATALOG_COMPILER_GENERATE_SWIFT_ASSET_SYMBOL_EXTENSIONS = YES;
				CLANG_ANALYZER_NONNULL = YES;
				CLANG_ANALYZER_NUMBER_OBJECT_CONVERSION = YES_AGGRESSIVE;
				CLANG_CXX_LANGUAGE_STANDARD = "gnu++20";
				CLANG_ENABLE_MODULES = YES;
				CLANG_ENABLE_OBJC_ARC = YES;
				CLANG_ENABLE_OBJC_WEAK = YES;
				CLANG_WARN_BLOCK_CAPTURE_AUTORELEASING = YES;
				CLANG_WARN_BOOL_CONVERSION = YES;
				CLANG_WARN_COMMA = YES;
				CLANG_WARN_CONSTANT_CONVERSION = YES;
				CLANG_WARN_DEPRECATED_OBJC_IMPLEMENTATIONS = YES;
				CLANG_WARN_DIRECT_OBJC_ISA_USAGE = YES_ERROR;
				CLANG_WARN_DOCUMENTATION_COMMENTS = YES;
				CLANG_WARN_EMPTY_BODY = YES;
				CLANG_WARN_ENUM_CONVERSION = YES;
				CLANG_WARN_INFINITE_RECURSION = YES;
				CLANG_WARN_INT_CONVERSION = YES;
				CLANG_WARN_NON_LITERAL_NULL_CONVERSION = YES;
				CLANG_WARN_OBJC_IMPLICIT_RETAIN_SELF = YES;
				CLANG_WARN_OBJC_LITERAL_CONVERSION = YES;
				CLANG_WARN_OBJC_ROOT_CLASS = YES_ERROR;
				CLANG_WARN_QUOTED_INCLUDE_IN_FRAMEWORK_HEADER = YES;
				CLANG_WARN_RANGE_LOOP_ANALYSIS = YES;
				CLANG_WARN_STRICT_PROTOTYPES = YES;
				CLANG_WARN_SUSPICIOUS_MOVE = YES;
				CLANG_WARN_UNGUARDED_AVAILABILITY = YES_AGGRESSIVE;
				CLANG_WARN_UNREACHABLE_CODE = YES;
				CLANG_WARN__DUPLICATE_METHOD_MATCH = YES;
				COPY_PHASE_STRIP = NO;
				DEBUG_INFORMATION_FORMAT = dwarf;
				ENABLE_STRICT_OBJC_MSGSEND = YES;
				ENABLE_TESTABILITY = YES;
				ENABLE_USER_SCRIPT_SANDBOXING = YES;
				GCC_C_LANGUAGE_STANDARD = gnu17;
				GCC_DYNAMIC_NO_PIC = NO;
				GCC_NO_COMMON_BLOCKS = YES;
				GCC_OPTIMIZATION_LEVEL = 0;
				GCC_PREPROCESSOR_DEFINITIONS = (
					"DEBUG=1",
					"$(inherited)",
				);
				GCC_WARN_64_TO_32_BIT_CONVERSION = YES;
				GCC_WARN_ABOUT_RETURN_TYPE = YES_ERROR;
				GCC_WARN_UNDECLARED_SELECTOR = YES;
				GCC_WARN_UNINITIALIZED_AUTOS = YES_AGGRESSIVE;
				GCC_WARN_UNUSED_FUNCTION = YES;
				GCC_WARN_UNUSED_VARIABLE = YES;
				IPHONEOS_DEPLOYMENT_TARGET = 17.0;
				LOCALIZATION_PREFERS_STRING_CATALOGS = YES;
				MTL_ENABLE_DEBUG_INFO = INCLUDE_SOURCE;
				MTL_FAST_MATH = YES;
				ONLY_ACTIVE_ARCH = YES;
				SDKROOT = iphoneos;
				SWIFT_ACTIVE_COMPILATION_CONDITIONS = "DEBUG $(inherited)";
				SWIFT_OPTIMIZATION_LEVEL = "-Onone";
			};
			name = Debug;
		};
		FEB6D07C2ADDC31900DCBBD4 /* Release */ = {
			isa = XCBuildConfiguration;
			buildSettings = {
				ALWAYS_SEARCH_USER_PATHS = NO;
				ASSETCATALOG_COMPILER_GENERATE_SWIFT_ASSET_SYMBOL_EXTENSIONS = YES;
				CLANG_ANALYZER_NONNULL = YES;
				CLANG_ANALYZER_NUMBER_OBJECT_CONVERSION = YES_AGGRESSIVE;
				CLANG_CXX_LANGUAGE_STANDARD = "gnu++20";
				CLANG_ENABLE_MODULES = YES;
				CLANG_ENABLE_OBJC_ARC = YES;
				CLANG_ENABLE_OBJC_WEAK = YES;
				CLANG_WARN_BLOCK_CAPTURE_AUTORELEASING = YES;
				CLANG_WARN_BOOL_CONVERSION = YES;
				CLANG_WARN_COMMA = YES;
				CLANG_WARN_CONSTANT_CONVERSION = YES;
				CLANG_WARN_DEPRECATED_OBJC_IMPLEMENTATIONS = YES;
				CLANG_WARN_DIRECT_OBJC_ISA_USAGE = YES_ERROR;
				CLANG_WARN_DOCUMENTATION_COMMENTS = YES;
				CLANG_WARN_EMPTY_BODY = YES;
				CLANG_WARN_ENUM_CONVERSION = YES;
				CLANG_WARN_INFINITE_RECURSION = YES;
				CLANG_WARN_INT_CONVERSION = YES;
				CLANG_WARN_NON_LITERAL_NULL_CONVERSION = YES;
				CLANG_WARN_OBJC_IMPLICIT_RETAIN_SELF = YES;
				CLANG_WARN_OBJC_LITERAL_CONVERSION = YES;
				CLANG_WARN_OBJC_ROOT_CLASS = YES_ERROR;
				CLANG_WARN_QUOTED_INCLUDE_IN_FRAMEWORK_HEADER = YES;
				CLANG_WARN_RANGE_LOOP_ANALYSIS = YES;
				CLANG_WARN_STRICT_PROTOTYPES = YES;
				CLANG_WARN_SUSPICIOUS_MOVE = YES;
				CLANG_WARN_UNGUARDED_AVAILABILITY = YES_AGGRESSIVE;
				CLANG_WARN_UNREACHABLE_CODE = YES;
				CLANG_WARN__DUPLICATE_METHOD_MATCH = YES;
				COPY_PHASE_STRIP = NO;
				DEBUG_INFORMATION_FORMAT = "dwarf-with-dsym";
				ENABLE_NS_ASSERTIONS = NO;
				ENABLE_STRICT_OBJC_MSGSEND = YES;
				ENABLE_USER_SCRIPT_SANDBOXING = YES;
				GCC_C_LANGUAGE_STANDARD = gnu17;
				GCC_NO_COMMON_BLOCKS = YES;
				GCC_WARN_64_TO_32_BIT_CONVERSION = YES;
				GCC_WARN_ABOUT_RETURN_TYPE = YES_ERROR;
				GCC_WARN_UNDECLARED_SELECTOR = YES;
				GCC_WARN_UNINITIALIZED_AUTOS = YES_AGGRESSIVE;
				GCC_WARN_UNUSED_FUNCTION = YES;
				GCC_WARN_UNUSED_VARIABLE = YES;
				IPHONEOS_DEPLOYMENT_TARGET = 17.0;
				LOCALIZATION_PREFERS_STRING_CATALOGS = YES;
				MTL_ENABLE_DEBUG_INFO = NO;
				MTL_FAST_MATH = YES;
				SDKROOT = iphoneos;
				SWIFT_COMPILATION_MODE = wholemodule;
				VALIDATE_PRODUCT = YES;
			};
			name = Release;
		};
		FEB6D07E2ADDC31900DCBBD4 /* Debug */ = {
			isa = XCBuildConfiguration;
			buildSettings = {
				ASSETCATALOG_COMPILER_APPICON_NAME = AppIcon;
				ASSETCATALOG_COMPILER_GLOBAL_ACCENT_COLOR_NAME = AccentColor;
				CODE_SIGN_STYLE = Automatic;
				CURRENT_PROJECT_VERSION = 1;
				DEVELOPMENT_ASSET_PATHS = "\"OtherTransitionTest/Preview Content\"";
				DEVELOPMENT_TEAM = 4LBT7283WA;
				ENABLE_PREVIEWS = YES;
				GENERATE_INFOPLIST_FILE = YES;
				INFOPLIST_KEY_UIApplicationSceneManifest_Generation = YES;
				INFOPLIST_KEY_UIApplicationSupportsIndirectInputEvents = YES;
				INFOPLIST_KEY_UILaunchScreen_Generation = YES;
				INFOPLIST_KEY_UISupportedInterfaceOrientations_iPad = "UIInterfaceOrientationPortrait UIInterfaceOrientationPortraitUpsideDown UIInterfaceOrientationLandscapeLeft UIInterfaceOrientationLandscapeRight";
				INFOPLIST_KEY_UISupportedInterfaceOrientations_iPhone = "UIInterfaceOrientationPortrait UIInterfaceOrientationLandscapeLeft UIInterfaceOrientationLandscapeRight";
				LD_RUNPATH_SEARCH_PATHS = (
					"$(inherited)",
					"@executable_path/Frameworks",
				);
				MARKETING_VERSION = 1.0;
				PRODUCT_BUNDLE_IDENTIFIER = Sam.OtherTransitionTest;
				PRODUCT_NAME = "$(TARGET_NAME)";
				SWIFT_EMIT_LOC_STRINGS = YES;
				SWIFT_VERSION = 5.0;
				TARGETED_DEVICE_FAMILY = "1,2";
			};
			name = Debug;
		};
		FEB6D07F2ADDC31900DCBBD4 /* Release */ = {
			isa = XCBuildConfiguration;
			buildSettings = {
				ASSETCATALOG_COMPILER_APPICON_NAME = AppIcon;
				ASSETCATALOG_COMPILER_GLOBAL_ACCENT_COLOR_NAME = AccentColor;
				CODE_SIGN_STYLE = Automatic;
				CURRENT_PROJECT_VERSION = 1;
				DEVELOPMENT_ASSET_PATHS = "\"OtherTransitionTest/Preview Content\"";
				DEVELOPMENT_TEAM = 4LBT7283WA;
				ENABLE_PREVIEWS = YES;
				GENERATE_INFOPLIST_FILE = YES;
				INFOPLIST_KEY_UIApplicationSceneManifest_Generation = YES;
				INFOPLIST_KEY_UIApplicationSupportsIndirectInputEvents = YES;
				INFOPLIST_KEY_UILaunchScreen_Generation = YES;
				INFOPLIST_KEY_UISupportedInterfaceOrientations_iPad = "UIInterfaceOrientationPortrait UIInterfaceOrientationPortraitUpsideDown UIInterfaceOrientationLandscapeLeft UIInterfaceOrientationLandscapeRight";
				INFOPLIST_KEY_UISupportedInterfaceOrientations_iPhone = "UIInterfaceOrientationPortrait UIInterfaceOrientationLandscapeLeft UIInterfaceOrientationLandscapeRight";
				LD_RUNPATH_SEARCH_PATHS = (
					"$(inherited)",
					"@executable_path/Frameworks",
				);
				MARKETING_VERSION = 1.0;
				PRODUCT_BUNDLE_IDENTIFIER = Sam.OtherTransitionTest;
				PRODUCT_NAME = "$(TARGET_NAME)";
				SWIFT_EMIT_LOC_STRINGS = YES;
				SWIFT_VERSION = 5.0;
				TARGETED_DEVICE_FAMILY = "1,2";
			};
			name = Release;
		};
		FEB6D0812ADDC31900DCBBD4 /* Debug */ = {
			isa = XCBuildConfiguration;
			buildSettings = {
				ALWAYS_EMBED_SWIFT_STANDARD_LIBRARIES = YES;
				BUNDLE_LOADER = "$(TEST_HOST)";
				CODE_SIGN_STYLE = Automatic;
				CURRENT_PROJECT_VERSION = 1;
				DEVELOPMENT_TEAM = 4LBT7283WA;
				GENERATE_INFOPLIST_FILE = YES;
				IPHONEOS_DEPLOYMENT_TARGET = 17.0;
				MARKETING_VERSION = 1.0;
				PRODUCT_BUNDLE_IDENTIFIER = Sam.OtherTransitionTestTests;
				PRODUCT_NAME = "$(TARGET_NAME)";
				SWIFT_EMIT_LOC_STRINGS = NO;
				SWIFT_VERSION = 5.0;
				TARGETED_DEVICE_FAMILY = "1,2";
				TEST_HOST = "$(BUILT_PRODUCTS_DIR)/OtherTransitionTest.app/$(BUNDLE_EXECUTABLE_FOLDER_PATH)/OtherTransitionTest";
			};
			name = Debug;
		};
		FEB6D0822ADDC31900DCBBD4 /* Release */ = {
			isa = XCBuildConfiguration;
			buildSettings = {
				ALWAYS_EMBED_SWIFT_STANDARD_LIBRARIES = YES;
				BUNDLE_LOADER = "$(TEST_HOST)";
				CODE_SIGN_STYLE = Automatic;
				CURRENT_PROJECT_VERSION = 1;
				DEVELOPMENT_TEAM = 4LBT7283WA;
				GENERATE_INFOPLIST_FILE = YES;
				IPHONEOS_DEPLOYMENT_TARGET = 17.0;
				MARKETING_VERSION = 1.0;
				PRODUCT_BUNDLE_IDENTIFIER = Sam.OtherTransitionTestTests;
				PRODUCT_NAME = "$(TARGET_NAME)";
				SWIFT_EMIT_LOC_STRINGS = NO;
				SWIFT_VERSION = 5.0;
				TARGETED_DEVICE_FAMILY = "1,2";
				TEST_HOST = "$(BUILT_PRODUCTS_DIR)/OtherTransitionTest.app/$(BUNDLE_EXECUTABLE_FOLDER_PATH)/OtherTransitionTest";
			};
			name = Release;
		};
		FEB6D0842ADDC31900DCBBD4 /* Debug */ = {
			isa = XCBuildConfiguration;
			buildSettings = {
				ALWAYS_EMBED_SWIFT_STANDARD_LIBRARIES = YES;
				CODE_SIGN_STYLE = Automatic;
				CURRENT_PROJECT_VERSION = 1;
				DEVELOPMENT_TEAM = 4LBT7283WA;
				GENERATE_INFOPLIST_FILE = YES;
				MARKETING_VERSION = 1.0;
				PRODUCT_BUNDLE_IDENTIFIER = Sam.OtherTransitionTestUITests;
				PRODUCT_NAME = "$(TARGET_NAME)";
				SWIFT_EMIT_LOC_STRINGS = NO;
				SWIFT_VERSION = 5.0;
				TARGETED_DEVICE_FAMILY = "1,2";
				TEST_TARGET_NAME = OtherTransitionTest;
			};
			name = Debug;
		};
		FEB6D0852ADDC31900DCBBD4 /* Release */ = {
			isa = XCBuildConfiguration;
			buildSettings = {
				ALWAYS_EMBED_SWIFT_STANDARD_LIBRARIES = YES;
				CODE_SIGN_STYLE = Automatic;
				CURRENT_PROJECT_VERSION = 1;
				DEVELOPMENT_TEAM = 4LBT7283WA;
				GENERATE_INFOPLIST_FILE = YES;
				MARKETING_VERSION = 1.0;
				PRODUCT_BUNDLE_IDENTIFIER = Sam.OtherTransitionTestUITests;
				PRODUCT_NAME = "$(TARGET_NAME)";
				SWIFT_EMIT_LOC_STRINGS = NO;
				SWIFT_VERSION = 5.0;
				TARGETED_DEVICE_FAMILY = "1,2";
				TEST_TARGET_NAME = OtherTransitionTest;
			};
			name = Release;
		};
/* End XCBuildConfiguration section */

/* Begin XCConfigurationList section */
		FEB6D0542ADDC31600DCBBD4 /* Build configuration list for PBXProject "OtherTransitionTest" */ = {
			isa = XCConfigurationList;
			buildConfigurations = (
				FEB6D07B2ADDC31900DCBBD4 /* Debug */,
				FEB6D07C2ADDC31900DCBBD4 /* Release */,
			);
			defaultConfigurationIsVisible = 0;
			defaultConfigurationName = Release;
		};
		FEB6D07D2ADDC31900DCBBD4 /* Build configuration list for PBXNativeTarget "OtherTransitionTest" */ = {
			isa = XCConfigurationList;
			buildConfigurations = (
				FEB6D07E2ADDC31900DCBBD4 /* Debug */,
				FEB6D07F2ADDC31900DCBBD4 /* Release */,
			);
			defaultConfigurationIsVisible = 0;
			defaultConfigurationName = Release;
		};
		FEB6D0802ADDC31900DCBBD4 /* Build configuration list for PBXNativeTarget "OtherTransitionTestTests" */ = {
			isa = XCConfigurationList;
			buildConfigurations = (
				FEB6D0812ADDC31900DCBBD4 /* Debug */,
				FEB6D0822ADDC31900DCBBD4 /* Release */,
			);
			defaultConfigurationIsVisible = 0;
			defaultConfigurationName = Release;
		};
		FEB6D0832ADDC31900DCBBD4 /* Build configuration list for PBXNativeTarget "OtherTransitionTestUITests" */ = {
			isa = XCConfigurationList;
			buildConfigurations = (
				FEB6D0842ADDC31900DCBBD4 /* Debug */,
				FEB6D0852ADDC31900DCBBD4 /* Release */,
			);
			defaultConfigurationIsVisible = 0;
			defaultConfigurationName = Release;
		};
/* End XCConfigurationList section */
	};
	rootObject = FEB6D0512ADDC31600DCBBD4 /* Project object */;
}
